// !$*UTF8*$!
{
	archiveVersion = 1;
	classes = {
	};
	objectVersion = 53;
	objects = {

/* Begin PBXBuildFile section */
		6A5F73391B92F7EF62B5B169 /* Pods_TestDemo.framework in Frameworks */ = {isa = PBXBuildFile; fileRef = FD51AACA569FCB84FFAA38FD /* Pods_TestDemo.framework */; };
		A096A95029E92BEF009484FF /* Localizable.strings in Resources */ = {isa = PBXBuildFile; fileRef = A096A95229E92BEF009484FF /* Localizable.strings */; };
		A0B85F6C29E7928900B309FC /* AppDelegate.swift in Sources */ = {isa = PBXBuildFile; fileRef = A0B85F6B29E7928900B309FC /* AppDelegate.swift */; };
		A0B85F6E29E7928900B309FC /* SceneDelegate.swift in Sources */ = {isa = PBXBuildFile; fileRef = A0B85F6D29E7928900B309FC /* SceneDelegate.swift */; };
		A0B85F7029E7928900B309FC /* ViewController.swift in Sources */ = {isa = PBXBuildFile; fileRef = A0B85F6F29E7928900B309FC /* ViewController.swift */; };
		A0B85F7329E7928900B309FC /* Main.storyboard in Resources */ = {isa = PBXBuildFile; fileRef = A0B85F7129E7928900B309FC /* Main.storyboard */; };
		A0B85F7529E7928C00B309FC /* Assets.xcassets in Resources */ = {isa = PBXBuildFile; fileRef = A0B85F7429E7928C00B309FC /* Assets.xcassets */; };
		A0B85F7829E7928C00B309FC /* LaunchScreen.storyboard in Resources */ = {isa = PBXBuildFile; fileRef = A0B85F7629E7928C00B309FC /* LaunchScreen.storyboard */; };
		A0B85F8329E7928C00B309FC /* TestDemoTests.swift in Sources */ = {isa = PBXBuildFile; fileRef = A0B85F8229E7928C00B309FC /* TestDemoTests.swift */; };
		A0B85F8D29E7928C00B309FC /* TestDemoUITests.swift in Sources */ = {isa = PBXBuildFile; fileRef = A0B85F8C29E7928C00B309FC /* TestDemoUITests.swift */; };
		A0B85F8F29E7928C00B309FC /* TestDemoUITestsLaunchTests.swift in Sources */ = {isa = PBXBuildFile; fileRef = A0B85F8E29E7928C00B309FC /* TestDemoUITestsLaunchTests.swift */; };
		A0B85FC529E793C400B309FC /* ShowText.framework in Frameworks */ = {isa = PBXBuildFile; fileRef = A0B85FC429E793C400B309FC /* ShowText.framework */; };
		A0B85FC629E793C400B309FC /* ShowText.framework in Embed Frameworks */ = {isa = PBXBuildFile; fileRef = A0B85FC429E793C400B309FC /* ShowText.framework */; settings = {ATTRIBUTES = (CodeSignOnCopy, RemoveHeadersOnCopy, ); }; };
/* End PBXBuildFile section */

/* Begin PBXContainerItemProxy section */
		A0B85F7F29E7928C00B309FC /* PBXContainerItemProxy */ = {
			isa = PBXContainerItemProxy;
			containerPortal = A0B85F6029E7928900B309FC /* Project object */;
			proxyType = 1;
			remoteGlobalIDString = A0B85F6729E7928900B309FC;
			remoteInfo = TestDemo;
		};
		A0B85F8929E7928C00B309FC /* PBXContainerItemProxy */ = {
			isa = PBXContainerItemProxy;
			containerPortal = A0B85F6029E7928900B309FC /* Project object */;
			proxyType = 1;
			remoteGlobalIDString = A0B85F6729E7928900B309FC;
			remoteInfo = TestDemo;
		};
/* End PBXContainerItemProxy section */

/* Begin PBXCopyFilesBuildPhase section */
		A0B85FC729E793C400B309FC /* Embed Frameworks */ = {
			isa = PBXCopyFilesBuildPhase;
			buildActionMask = 2147483647;
			dstPath = "";
			dstSubfolderSpec = 10;
			files = (
				A0B85FC629E793C400B309FC /* ShowText.framework in Embed Frameworks */,
			);
			name = "Embed Frameworks";
			runOnlyForDeploymentPostprocessing = 0;
		};
/* End PBXCopyFilesBuildPhase section */

/* Begin PBXFileReference section */
		0329BCA8D8F5F8D05CD140B1 /* Pods-TestDemo.debug.xcconfig */ = {isa = PBXFileReference; includeInIndex = 1; lastKnownFileType = text.xcconfig; name = "Pods-TestDemo.debug.xcconfig"; path = "Target Support Files/Pods-TestDemo/Pods-TestDemo.debug.xcconfig"; sourceTree = "<group>"; };
		745C4A9A256AFB3192206586 /* Pods-TestDemo.release.xcconfig */ = {isa = PBXFileReference; includeInIndex = 1; lastKnownFileType = text.xcconfig; name = "Pods-TestDemo.release.xcconfig"; path = "Target Support Files/Pods-TestDemo/Pods-TestDemo.release.xcconfig"; sourceTree = "<group>"; };
		A096A94C29E92BD7009484FF /* zh-Hans */ = {isa = PBXFileReference; lastKnownFileType = text.plist.strings; name = "zh-Hans"; path = "zh-Hans.lproj/Main.strings"; sourceTree = "<group>"; };
		A096A94D29E92BD7009484FF /* zh-Hans */ = {isa = PBXFileReference; lastKnownFileType = text.plist.strings; name = "zh-Hans"; path = "zh-Hans.lproj/LaunchScreen.strings"; sourceTree = "<group>"; };
		A096A95129E92BEF009484FF /* zh-Hans */ = {isa = PBXFileReference; lastKnownFileType = text.plist.strings; name = "zh-Hans"; path = "zh-Hans.lproj/Localizable.strings"; sourceTree = "<group>"; };
		A096A95329E92BF6009484FF /* en */ = {isa = PBXFileReference; lastKnownFileType = text.plist.strings; name = en; path = en.lproj/Localizable.strings; sourceTree = "<group>"; };
		A0B85F6829E7928900B309FC /* TestDemo.app */ = {isa = PBXFileReference; explicitFileType = wrapper.application; includeInIndex = 0; path = TestDemo.app; sourceTree = BUILT_PRODUCTS_DIR; };
		A0B85F6B29E7928900B309FC /* AppDelegate.swift */ = {isa = PBXFileReference; lastKnownFileType = sourcecode.swift; path = AppDelegate.swift; sourceTree = "<group>"; };
		A0B85F6D29E7928900B309FC /* SceneDelegate.swift */ = {isa = PBXFileReference; lastKnownFileType = sourcecode.swift; path = SceneDelegate.swift; sourceTree = "<group>"; };
		A0B85F6F29E7928900B309FC /* ViewController.swift */ = {isa = PBXFileReference; lastKnownFileType = sourcecode.swift; path = ViewController.swift; sourceTree = "<group>"; };
		A0B85F7229E7928900B309FC /* Base */ = {isa = PBXFileReference; lastKnownFileType = file.storyboard; name = Base; path = Base.lproj/Main.storyboard; sourceTree = "<group>"; };
		A0B85F7429E7928C00B309FC /* Assets.xcassets */ = {isa = PBXFileReference; lastKnownFileType = folder.assetcatalog; path = Assets.xcassets; sourceTree = "<group>"; };
		A0B85F7729E7928C00B309FC /* Base */ = {isa = PBXFileReference; lastKnownFileType = file.storyboard; name = Base; path = Base.lproj/LaunchScreen.storyboard; sourceTree = "<group>"; };
		A0B85F7929E7928C00B309FC /* Info.plist */ = {isa = PBXFileReference; lastKnownFileType = text.plist.xml; path = Info.plist; sourceTree = "<group>"; };
		A0B85F7E29E7928C00B309FC /* TestDemoTests.xctest */ = {isa = PBXFileReference; explicitFileType = wrapper.cfbundle; includeInIndex = 0; path = TestDemoTests.xctest; sourceTree = BUILT_PRODUCTS_DIR; };
		A0B85F8229E7928C00B309FC /* TestDemoTests.swift */ = {isa = PBXFileReference; lastKnownFileType = sourcecode.swift; path = TestDemoTests.swift; sourceTree = "<group>"; };
		A0B85F8829E7928C00B309FC /* TestDemoUITests.xctest */ = {isa = PBXFileReference; explicitFileType = wrapper.cfbundle; includeInIndex = 0; path = TestDemoUITests.xctest; sourceTree = BUILT_PRODUCTS_DIR; };
		A0B85F8C29E7928C00B309FC /* TestDemoUITests.swift */ = {isa = PBXFileReference; lastKnownFileType = sourcecode.swift; path = TestDemoUITests.swift; sourceTree = "<group>"; };
		A0B85F8E29E7928C00B309FC /* TestDemoUITestsLaunchTests.swift */ = {isa = PBXFileReference; lastKnownFileType = sourcecode.swift; path = TestDemoUITestsLaunchTests.swift; sourceTree = "<group>"; };
		A0B85FC029E7933500B309FC /* ShowText.framework */ = {isa = PBXFileReference; explicitFileType = wrapper.framework; path = ShowText.framework; sourceTree = BUILT_PRODUCTS_DIR; };
		A0B85FC429E793C400B309FC /* ShowText.framework */ = {isa = PBXFileReference; explicitFileType = wrapper.framework; path = ShowText.framework; sourceTree = BUILT_PRODUCTS_DIR; };
		FD51AACA569FCB84FFAA38FD /* Pods_TestDemo.framework */ = {isa = PBXFileReference; explicitFileType = wrapper.framework; includeInIndex = 0; path = Pods_TestDemo.framework; sourceTree = BUILT_PRODUCTS_DIR; };
/* End PBXFileReference section */

/* Begin PBXFrameworksBuildPhase section */
		A0B85F6529E7928900B309FC /* Frameworks */ = {
			isa = PBXFrameworksBuildPhase;
			buildActionMask = 2147483647;
			files = (
				A0B85FC529E793C400B309FC /* ShowText.framework in Frameworks */,
				6A5F73391B92F7EF62B5B169 /* Pods_TestDemo.framework in Frameworks */,
			);
			runOnlyForDeploymentPostprocessing = 0;
		};
		A0B85F7B29E7928C00B309FC /* Frameworks */ = {
			isa = PBXFrameworksBuildPhase;
			buildActionMask = 2147483647;
			files = (
			);
			runOnlyForDeploymentPostprocessing = 0;
		};
		A0B85F8529E7928C00B309FC /* Frameworks */ = {
			isa = PBXFrameworksBuildPhase;
			buildActionMask = 2147483647;
			files = (
			);
			runOnlyForDeploymentPostprocessing = 0;
		};
/* End PBXFrameworksBuildPhase section */

/* Begin PBXGroup section */
		07D4083743907947F1E96EBA /* Pods */ = {
			isa = PBXGroup;
			children = (
				0329BCA8D8F5F8D05CD140B1 /* Pods-TestDemo.debug.xcconfig */,
				745C4A9A256AFB3192206586 /* Pods-TestDemo.release.xcconfig */,
			);
			name = Pods;
			path = ../Pods;
			sourceTree = "<group>";
		};
		A0B85F5F29E7928900B309FC = {
			isa = PBXGroup;
			children = (
				A0B85F6A29E7928900B309FC /* TestDemo */,
				A0B85F8129E7928C00B309FC /* TestDemoTests */,
				A0B85F8B29E7928C00B309FC /* TestDemoUITests */,
				A0B85F6929E7928900B309FC /* Products */,
				A0B85FBF29E7933500B309FC /* Frameworks */,
				07D4083743907947F1E96EBA /* Pods */,
			);
			sourceTree = "<group>";
		};
		A0B85F6929E7928900B309FC /* Products */ = {
			isa = PBXGroup;
			children = (
				A0B85F6829E7928900B309FC /* TestDemo.app */,
				A0B85F7E29E7928C00B309FC /* TestDemoTests.xctest */,
				A0B85F8829E7928C00B309FC /* TestDemoUITests.xctest */,
			);
			name = Products;
			sourceTree = "<group>";
		};
		A0B85F6A29E7928900B309FC /* TestDemo */ = {
			isa = PBXGroup;
			children = (
				A0B85F6B29E7928900B309FC /* AppDelegate.swift */,
				A0B85F6D29E7928900B309FC /* SceneDelegate.swift */,
				A0B85F6F29E7928900B309FC /* ViewController.swift */,
				A096A95229E92BEF009484FF /* Localizable.strings */,
				A0B85F7129E7928900B309FC /* Main.storyboard */,
				A0B85F7429E7928C00B309FC /* Assets.xcassets */,
				A0B85F7629E7928C00B309FC /* LaunchScreen.storyboard */,
				A0B85F7929E7928C00B309FC /* Info.plist */,
			);
			path = TestDemo;
			sourceTree = "<group>";
		};
		A0B85F8129E7928C00B309FC /* TestDemoTests */ = {
			isa = PBXGroup;
			children = (
				A0B85F8229E7928C00B309FC /* TestDemoTests.swift */,
			);
			path = TestDemoTests;
			sourceTree = "<group>";
		};
		A0B85F8B29E7928C00B309FC /* TestDemoUITests */ = {
			isa = PBXGroup;
			children = (
				A0B85F8C29E7928C00B309FC /* TestDemoUITests.swift */,
				A0B85F8E29E7928C00B309FC /* TestDemoUITestsLaunchTests.swift */,
			);
			path = TestDemoUITests;
			sourceTree = "<group>";
		};
		A0B85FBF29E7933500B309FC /* Frameworks */ = {
			isa = PBXGroup;
			children = (
				A0B85FC429E793C400B309FC /* ShowText.framework */,
				A0B85FC029E7933500B309FC /* ShowText.framework */,
				FD51AACA569FCB84FFAA38FD /* Pods_TestDemo.framework */,
			);
			name = Frameworks;
			sourceTree = "<group>";
		};
/* End PBXGroup section */

/* Begin PBXNativeTarget section */
		A0B85F6729E7928900B309FC /* TestDemo */ = {
			isa = PBXNativeTarget;
			buildConfigurationList = A0B85F9229E7928C00B309FC /* Build configuration list for PBXNativeTarget "TestDemo" */;
			buildPhases = (
				F0DF0F2B4744E948DF27A2F2 /* [CP] Check Pods Manifest.lock */,
				A0B85F6429E7928900B309FC /* Sources */,
				A0B85F6529E7928900B309FC /* Frameworks */,
				A0B85F6629E7928900B309FC /* Resources */,
				A0B85FC729E793C400B309FC /* Embed Frameworks */,
				2EAAB7AF07494EA18FBB7C98 /* [CP] Embed Pods Frameworks */,
			);
			buildRules = (
			);
			dependencies = (
			);
			name = TestDemo;
			productName = TestDemo;
			productReference = A0B85F6829E7928900B309FC /* TestDemo.app */;
			productType = "com.apple.product-type.application";
		};
		A0B85F7D29E7928C00B309FC /* TestDemoTests */ = {
			isa = PBXNativeTarget;
			buildConfigurationList = A0B85F9529E7928C00B309FC /* Build configuration list for PBXNativeTarget "TestDemoTests" */;
			buildPhases = (
				A0B85F7A29E7928C00B309FC /* Sources */,
				A0B85F7B29E7928C00B309FC /* Frameworks */,
				A0B85F7C29E7928C00B309FC /* Resources */,
			);
			buildRules = (
			);
			dependencies = (
				A0B85F8029E7928C00B309FC /* PBXTargetDependency */,
			);
			name = TestDemoTests;
			productName = TestDemoTests;
			productReference = A0B85F7E29E7928C00B309FC /* TestDemoTests.xctest */;
			productType = "com.apple.product-type.bundle.unit-test";
		};
		A0B85F8729E7928C00B309FC /* TestDemoUITests */ = {
			isa = PBXNativeTarget;
			buildConfigurationList = A0B85F9829E7928C00B309FC /* Build configuration list for PBXNativeTarget "TestDemoUITests" */;
			buildPhases = (
				A0B85F8429E7928C00B309FC /* Sources */,
				A0B85F8529E7928C00B309FC /* Frameworks */,
				A0B85F8629E7928C00B309FC /* Resources */,
			);
			buildRules = (
			);
			dependencies = (
				A0B85F8A29E7928C00B309FC /* PBXTargetDependency */,
			);
			name = TestDemoUITests;
			productName = TestDemoUITests;
			productReference = A0B85F8829E7928C00B309FC /* TestDemoUITests.xctest */;
			productType = "com.apple.product-type.bundle.ui-testing";
		};
/* End PBXNativeTarget section */

/* Begin PBXProject section */
		A0B85F6029E7928900B309FC /* Project object */ = {
			isa = PBXProject;
			attributes = {
				BuildIndependentTargetsInParallel = 1;
				LastSwiftUpdateCheck = 1420;
				LastUpgradeCheck = 1420;
				TargetAttributes = {
					A0B85F6729E7928900B309FC = {
						CreatedOnToolsVersion = 14.2;
					};
					A0B85F7D29E7928C00B309FC = {
						CreatedOnToolsVersion = 14.2;
						TestTargetID = A0B85F6729E7928900B309FC;
					};
					A0B85F8729E7928C00B309FC = {
						CreatedOnToolsVersion = 14.2;
						TestTargetID = A0B85F6729E7928900B309FC;
					};
				};
			};
			buildConfigurationList = A0B85F6329E7928900B309FC /* Build configuration list for PBXProject "TestDemo" */;
			compatibilityVersion = "Xcode 11.0";
			developmentRegion = en;
			hasScannedForEncodings = 0;
			knownRegions = (
				en,
				Base,
				"zh-Hans",
			);
			mainGroup = A0B85F5F29E7928900B309FC;
			productRefGroup = A0B85F6929E7928900B309FC /* Products */;
			projectDirPath = "";
			projectRoot = "";
			targets = (
				A0B85F6729E7928900B309FC /* TestDemo */,
				A0B85F7D29E7928C00B309FC /* TestDemoTests */,
				A0B85F8729E7928C00B309FC /* TestDemoUITests */,
			);
		};
/* End PBXProject section */

/* Begin PBXResourcesBuildPhase section */
		A0B85F6629E7928900B309FC /* Resources */ = {
			isa = PBXResourcesBuildPhase;
			buildActionMask = 2147483647;
			files = (
				A0B85F7829E7928C00B309FC /* LaunchScreen.storyboard in Resources */,
				A096A95029E92BEF009484FF /* Localizable.strings in Resources */,
				A0B85F7529E7928C00B309FC /* Assets.xcassets in Resources */,
				A0B85F7329E7928900B309FC /* Main.storyboard in Resources */,
			);
			runOnlyForDeploymentPostprocessing = 0;
		};
		A0B85F7C29E7928C00B309FC /* Resources */ = {
			isa = PBXResourcesBuildPhase;
			buildActionMask = 2147483647;
			files = (
			);
			runOnlyForDeploymentPostprocessing = 0;
		};
		A0B85F8629E7928C00B309FC /* Resources */ = {
			isa = PBXResourcesBuildPhase;
			buildActionMask = 2147483647;
			files = (
			);
			runOnlyForDeploymentPostprocessing = 0;
		};
/* End PBXResourcesBuildPhase section */

/* Begin PBXShellScriptBuildPhase section */
		2EAAB7AF07494EA18FBB7C98 /* [CP] Embed Pods Frameworks */ = {
			isa = PBXShellScriptBuildPhase;
			buildActionMask = 2147483647;
			files = (
			);
			inputFileListPaths = (
				"${PODS_ROOT}/Target Support Files/Pods-TestDemo/Pods-TestDemo-frameworks-${CONFIGURATION}-input-files.xcfilelist",
			);
			name = "[CP] Embed Pods Frameworks";
			outputFileListPaths = (
				"${PODS_ROOT}/Target Support Files/Pods-TestDemo/Pods-TestDemo-frameworks-${CONFIGURATION}-output-files.xcfilelist",
			);
			runOnlyForDeploymentPostprocessing = 0;
			shellPath = /bin/sh;
			shellScript = "\"${PODS_ROOT}/Target Support Files/Pods-TestDemo/Pods-TestDemo-frameworks.sh\"\n";
			showEnvVarsInLog = 0;
		};
		F0DF0F2B4744E948DF27A2F2 /* [CP] Check Pods Manifest.lock */ = {
			isa = PBXShellScriptBuildPhase;
			buildActionMask = 2147483647;
			files = (
			);
			inputFileListPaths = (
			);
			inputPaths = (
				"${PODS_PODFILE_DIR_PATH}/Podfile.lock",
				"${PODS_ROOT}/Manifest.lock",
			);
			name = "[CP] Check Pods Manifest.lock";
			outputFileListPaths = (
			);
			outputPaths = (
				"$(DERIVED_FILE_DIR)/Pods-TestDemo-checkManifestLockResult.txt",
			);
			runOnlyForDeploymentPostprocessing = 0;
			shellPath = /bin/sh;
			shellScript = "diff \"${PODS_PODFILE_DIR_PATH}/Podfile.lock\" \"${PODS_ROOT}/Manifest.lock\" > /dev/null\nif [ $? != 0 ] ; then\n    # print error to STDERR\n    echo \"error: The sandbox is not in sync with the Podfile.lock. Run 'pod install' or update your CocoaPods installation.\" >&2\n    exit 1\nfi\n# This output is used by Xcode 'outputs' to avoid re-running this script phase.\necho \"SUCCESS\" > \"${SCRIPT_OUTPUT_FILE_0}\"\n";
			showEnvVarsInLog = 0;
		};
/* End PBXShellScriptBuildPhase section */

/* Begin PBXSourcesBuildPhase section */
		A0B85F6429E7928900B309FC /* Sources */ = {
			isa = PBXSourcesBuildPhase;
			buildActionMask = 2147483647;
			files = (
				A0B85F7029E7928900B309FC /* ViewController.swift in Sources */,
				A0B85F6C29E7928900B309FC /* AppDelegate.swift in Sources */,
				A0B85F6E29E7928900B309FC /* SceneDelegate.swift in Sources */,
			);
			runOnlyForDeploymentPostprocessing = 0;
		};
		A0B85F7A29E7928C00B309FC /* Sources */ = {
			isa = PBXSourcesBuildPhase;
			buildActionMask = 2147483647;
			files = (
				A0B85F8329E7928C00B309FC /* TestDemoTests.swift in Sources */,
			);
			runOnlyForDeploymentPostprocessing = 0;
		};
		A0B85F8429E7928C00B309FC /* Sources */ = {
			isa = PBXSourcesBuildPhase;
			buildActionMask = 2147483647;
			files = (
				A0B85F8F29E7928C00B309FC /* TestDemoUITestsLaunchTests.swift in Sources */,
				A0B85F8D29E7928C00B309FC /* TestDemoUITests.swift in Sources */,
			);
			runOnlyForDeploymentPostprocessing = 0;
		};
/* End PBXSourcesBuildPhase section */

/* Begin PBXTargetDependency section */
		A0B85F8029E7928C00B309FC /* PBXTargetDependency */ = {
			isa = PBXTargetDependency;
			target = A0B85F6729E7928900B309FC /* TestDemo */;
			targetProxy = A0B85F7F29E7928C00B309FC /* PBXContainerItemProxy */;
		};
		A0B85F8A29E7928C00B309FC /* PBXTargetDependency */ = {
			isa = PBXTargetDependency;
			target = A0B85F6729E7928900B309FC /* TestDemo */;
			targetProxy = A0B85F8929E7928C00B309FC /* PBXContainerItemProxy */;
		};
/* End PBXTargetDependency section */

/* Begin PBXVariantGroup section */
		A096A95229E92BEF009484FF /* Localizable.strings */ = {
			isa = PBXVariantGroup;
			children = (
				A096A95129E92BEF009484FF /* zh-Hans */,
				A096A95329E92BF6009484FF /* en */,
			);
			name = Localizable.strings;
			sourceTree = "<group>";
		};
		A0B85F7129E7928900B309FC /* Main.storyboard */ = {
			isa = PBXVariantGroup;
			children = (
				A0B85F7229E7928900B309FC /* Base */,
				A096A94C29E92BD7009484FF /* zh-Hans */,
			);
			name = Main.storyboard;
			sourceTree = "<group>";
		};
		A0B85F7629E7928C00B309FC /* LaunchScreen.storyboard */ = {
			isa = PBXVariantGroup;
			children = (
				A0B85F7729E7928C00B309FC /* Base */,
				A096A94D29E92BD7009484FF /* zh-Hans */,
			);
			name = LaunchScreen.storyboard;
			sourceTree = "<group>";
		};
/* End PBXVariantGroup section */

/* Begin XCBuildConfiguration section */
		A0B85F9029E7928C00B309FC /* Debug */ = {
			isa = XCBuildConfiguration;
			buildSettings = {
				ALWAYS_SEARCH_USER_PATHS = NO;
				CLANG_ANALYZER_LOCALIZABILITY_NONLOCALIZED = YES;
				CLANG_ANALYZER_NONNULL = YES;
				CLANG_ANALYZER_NUMBER_OBJECT_CONVERSION = YES_AGGRESSIVE;
				CLANG_CXX_LANGUAGE_STANDARD = "gnu++20";
				CLANG_ENABLE_MODULES = YES;
				CLANG_ENABLE_OBJC_ARC = YES;
				CLANG_ENABLE_OBJC_WEAK = YES;
				CLANG_WARN_BLOCK_CAPTURE_AUTORELEASING = YES;
				CLANG_WARN_BOOL_CONVERSION = YES;
				CLANG_WARN_COMMA = YES;
				CLANG_WARN_CONSTANT_CONVERSION = YES;
				CLANG_WARN_DEPRECATED_OBJC_IMPLEMENTATIONS = YES;
				CLANG_WARN_DIRECT_OBJC_ISA_USAGE = YES_ERROR;
				CLANG_WARN_DOCUMENTATION_COMMENTS = YES;
				CLANG_WARN_EMPTY_BODY = YES;
				CLANG_WARN_ENUM_CONVERSION = YES;
				CLANG_WARN_INFINITE_RECURSION = YES;
				CLANG_WARN_INT_CONVERSION = YES;
				CLANG_WARN_NON_LITERAL_NULL_CONVERSION = YES;
				CLANG_WARN_OBJC_IMPLICIT_RETAIN_SELF = YES;
				CLANG_WARN_OBJC_LITERAL_CONVERSION = YES;
				CLANG_WARN_OBJC_ROOT_CLASS = YES_ERROR;
				CLANG_WARN_QUOTED_INCLUDE_IN_FRAMEWORK_HEADER = YES;
				CLANG_WARN_RANGE_LOOP_ANALYSIS = YES;
				CLANG_WARN_STRICT_PROTOTYPES = YES;
				CLANG_WARN_SUSPICIOUS_MOVE = YES;
				CLANG_WARN_UNGUARDED_AVAILABILITY = YES_AGGRESSIVE;
				CLANG_WARN_UNREACHABLE_CODE = YES;
				CLANG_WARN__DUPLICATE_METHOD_MATCH = YES;
				COPY_PHASE_STRIP = NO;
				DEBUG_INFORMATION_FORMAT = dwarf;
				ENABLE_STRICT_OBJC_MSGSEND = YES;
				ENABLE_TESTABILITY = YES;
				GCC_C_LANGUAGE_STANDARD = gnu11;
				GCC_DYNAMIC_NO_PIC = NO;
				GCC_NO_COMMON_BLOCKS = YES;
				GCC_OPTIMIZATION_LEVEL = 0;
				GCC_PREPROCESSOR_DEFINITIONS = (
					"DEBUG=1",
					"$(inherited)",
				);
				GCC_WARN_64_TO_32_BIT_CONVERSION = YES;
				GCC_WARN_ABOUT_RETURN_TYPE = YES_ERROR;
				GCC_WARN_UNDECLARED_SELECTOR = YES;
				GCC_WARN_UNINITIALIZED_AUTOS = YES_AGGRESSIVE;
				GCC_WARN_UNUSED_FUNCTION = YES;
				GCC_WARN_UNUSED_VARIABLE = YES;
				IPHONEOS_DEPLOYMENT_TARGET = 16.2;
				MTL_ENABLE_DEBUG_INFO = INCLUDE_SOURCE;
				MTL_FAST_MATH = YES;
				ONLY_ACTIVE_ARCH = YES;
				SDKROOT = iphoneos;
				SWIFT_ACTIVE_COMPILATION_CONDITIONS = DEBUG;
				SWIFT_OPTIMIZATION_LEVEL = "-Onone";
			};
			name = Debug;
		};
		A0B85F9129E7928C00B309FC /* Release */ = {
			isa = XCBuildConfiguration;
			buildSettings = {
				ALWAYS_SEARCH_USER_PATHS = NO;
				CLANG_ANALYZER_LOCALIZABILITY_NONLOCALIZED = YES;
				CLANG_ANALYZER_NONNULL = YES;
				CLANG_ANALYZER_NUMBER_OBJECT_CONVERSION = YES_AGGRESSIVE;
				CLANG_CXX_LANGUAGE_STANDARD = "gnu++20";
				CLANG_ENABLE_MODULES = YES;
				CLANG_ENABLE_OBJC_ARC = YES;
				CLANG_ENABLE_OBJC_WEAK = YES;
				CLANG_WARN_BLOCK_CAPTURE_AUTORELEASING = YES;
				CLANG_WARN_BOOL_CONVERSION = YES;
				CLANG_WARN_COMMA = YES;
				CLANG_WARN_CONSTANT_CONVERSION = YES;
				CLANG_WARN_DEPRECATED_OBJC_IMPLEMENTATIONS = YES;
				CLANG_WARN_DIRECT_OBJC_ISA_USAGE = YES_ERROR;
				CLANG_WARN_DOCUMENTATION_COMMENTS = YES;
				CLANG_WARN_EMPTY_BODY = YES;
				CLANG_WARN_ENUM_CONVERSION = YES;
				CLANG_WARN_INFINITE_RECURSION = YES;
				CLANG_WARN_INT_CONVERSION = YES;
				CLANG_WARN_NON_LITERAL_NULL_CONVERSION = YES;
				CLANG_WARN_OBJC_IMPLICIT_RETAIN_SELF = YES;
				CLANG_WARN_OBJC_LITERAL_CONVERSION = YES;
				CLANG_WARN_OBJC_ROOT_CLASS = YES_ERROR;
				CLANG_WARN_QUOTED_INCLUDE_IN_FRAMEWORK_HEADER = YES;
				CLANG_WARN_RANGE_LOOP_ANALYSIS = YES;
				CLANG_WARN_STRICT_PROTOTYPES = YES;
				CLANG_WARN_SUSPICIOUS_MOVE = YES;
				CLANG_WARN_UNGUARDED_AVAILABILITY = YES_AGGRESSIVE;
				CLANG_WARN_UNREACHABLE_CODE = YES;
				CLANG_WARN__DUPLICATE_METHOD_MATCH = YES;
				COPY_PHASE_STRIP = NO;
				DEBUG_INFORMATION_FORMAT = "dwarf-with-dsym";
				ENABLE_NS_ASSERTIONS = NO;
				ENABLE_STRICT_OBJC_MSGSEND = YES;
				GCC_C_LANGUAGE_STANDARD = gnu11;
				GCC_NO_COMMON_BLOCKS = YES;
				GCC_WARN_64_TO_32_BIT_CONVERSION = YES;
				GCC_WARN_ABOUT_RETURN_TYPE = YES_ERROR;
				GCC_WARN_UNDECLARED_SELECTOR = YES;
				GCC_WARN_UNINITIALIZED_AUTOS = YES_AGGRESSIVE;
				GCC_WARN_UNUSED_FUNCTION = YES;
				GCC_WARN_UNUSED_VARIABLE = YES;
				IPHONEOS_DEPLOYMENT_TARGET = 16.2;
				MTL_ENABLE_DEBUG_INFO = NO;
				MTL_FAST_MATH = YES;
				SDKROOT = iphoneos;
				SWIFT_COMPILATION_MODE = wholemodule;
				SWIFT_OPTIMIZATION_LEVEL = "-O";
				VALIDATE_PRODUCT = YES;
			};
			name = Release;
		};
		A0B85F9329E7928C00B309FC /* Debug */ = {
			isa = XCBuildConfiguration;
			baseConfigurationReference = 0329BCA8D8F5F8D05CD140B1 /* Pods-TestDemo.debug.xcconfig */;
			buildSettings = {
				ASSETCATALOG_COMPILER_APPICON_NAME = AppIcon;
				ASSETCATALOG_COMPILER_GLOBAL_ACCENT_COLOR_NAME = AccentColor;
				CODE_SIGN_STYLE = Automatic;
				CURRENT_PROJECT_VERSION = 1;
				FRAMEWORK_SEARCH_PATHS = (
					"$(inherited)",
					"$(PROJECT_DIR)/TestDemo",
				);
				GENERATE_INFOPLIST_FILE = YES;
				INFOPLIST_FILE = TestDemo/Info.plist;
				INFOPLIST_KEY_UIApplicationSupportsIndirectInputEvents = YES;
				INFOPLIST_KEY_UILaunchStoryboardName = LaunchScreen;
				INFOPLIST_KEY_UIMainStoryboardFile = Main;
				INFOPLIST_KEY_UISupportedInterfaceOrientations_iPad = "UIInterfaceOrientationPortrait UIInterfaceOrientationPortraitUpsideDown UIInterfaceOrientationLandscapeLeft UIInterfaceOrientationLandscapeRight";
				INFOPLIST_KEY_UISupportedInterfaceOrientations_iPhone = "UIInterfaceOrientationPortrait UIInterfaceOrientationLandscapeLeft UIInterfaceOrientationLandscapeRight";
				IPHONEOS_DEPLOYMENT_TARGET = 14.0;
				LD_RUNPATH_SEARCH_PATHS = (
					"$(inherited)",
					"@executable_path/Frameworks",
				);
				MARKETING_VERSION = 1.0;
				PRODUCT_BUNDLE_IDENTIFIER = com.test.TestDemo;
				PRODUCT_NAME = "$(TARGET_NAME)";
				SWIFT_EMIT_LOC_STRINGS = YES;
				SWIFT_VERSION = 5.0;
				TARGETED_DEVICE_FAMILY = "1,2";
			};
			name = Debug;
		};
		A0B85F9429E7928C00B309FC /* Release */ = {
			isa = XCBuildConfiguration;
			baseConfigurationReference = 745C4A9A256AFB3192206586 /* Pods-TestDemo.release.xcconfig */;
			buildSettings = {
				ASSETCATALOG_COMPILER_APPICON_NAME = AppIcon;
				ASSETCATALOG_COMPILER_GLOBAL_ACCENT_COLOR_NAME = AccentColor;
				CODE_SIGN_STYLE = Automatic;
				CURRENT_PROJECT_VERSION = 1;
				FRAMEWORK_SEARCH_PATHS = (
					"$(inherited)",
					"$(PROJECT_DIR)/TestDemo",
				);
				GENERATE_INFOPLIST_FILE = YES;
				INFOPLIST_FILE = TestDemo/Info.plist;
				INFOPLIST_KEY_UIApplicationSupportsIndirectInputEvents = YES;
				INFOPLIST_KEY_UILaunchStoryboardName = LaunchScreen;
				INFOPLIST_KEY_UIMainStoryboardFile = Main;
				INFOPLIST_KEY_UISupportedInterfaceOrientations_iPad = "UIInterfaceOrientationPortrait UIInterfaceOrientationPortraitUpsideDown UIInterfaceOrientationLandscapeLeft UIInterfaceOrientationLandscapeRight";
				INFOPLIST_KEY_UISupportedInterfaceOrientations_iPhone = "UIInterfaceOrientationPortrait UIInterfaceOrientationLandscapeLeft UIInterfaceOrientationLandscapeRight";
				IPHONEOS_DEPLOYMENT_TARGET = 14.0;
				LD_RUNPATH_SEARCH_PATHS = (
					"$(inherited)",
					"@executable_path/Frameworks",
				);
				MARKETING_VERSION = 1.0;
				PRODUCT_BUNDLE_IDENTIFIER = com.test.TestDemo;
				PRODUCT_NAME = "$(TARGET_NAME)";
				SWIFT_EMIT_LOC_STRINGS = YES;
				SWIFT_VERSION = 5.0;
				TARGETED_DEVICE_FAMILY = "1,2";
			};
			name = Release;
		};
		A0B85F9629E7928C00B309FC /* Debug */ = {
			isa = XCBuildConfiguration;
			buildSettings = {
				ALWAYS_EMBED_SWIFT_STANDARD_LIBRARIES = YES;
				BUNDLE_LOADER = "$(TEST_HOST)";
				CODE_SIGN_STYLE = Automatic;
				CURRENT_PROJECT_VERSION = 1;
				GENERATE_INFOPLIST_FILE = YES;
				IPHONEOS_DEPLOYMENT_TARGET = 16.2;
				MARKETING_VERSION = 1.0;
				PRODUCT_BUNDLE_IDENTIFIER = com.test.TestDemoTests;
				PRODUCT_NAME = "$(TARGET_NAME)";
				SWIFT_EMIT_LOC_STRINGS = NO;
				SWIFT_VERSION = 5.0;
				TARGETED_DEVICE_FAMILY = "1,2";
				TEST_HOST = "$(BUILT_PRODUCTS_DIR)/TestDemo.app/$(BUNDLE_EXECUTABLE_FOLDER_PATH)/TestDemo";
			};
			name = Debug;
		};
		A0B85F9729E7928C00B309FC /* Release */ = {
			isa = XCBuildConfiguration;
			buildSettings = {
				ALWAYS_EMBED_SWIFT_STANDARD_LIBRARIES = YES;
				BUNDLE_LOADER = "$(TEST_HOST)";
				CODE_SIGN_STYLE = Automatic;
				CURRENT_PROJECT_VERSION = 1;
				GENERATE_INFOPLIST_FILE = YES;
				IPHONEOS_DEPLOYMENT_TARGET = 16.2;
				MARKETING_VERSION = 1.0;
				PRODUCT_BUNDLE_IDENTIFIER = com.test.TestDemoTests;
				PRODUCT_NAME = "$(TARGET_NAME)";
				SWIFT_EMIT_LOC_STRINGS = NO;
				SWIFT_VERSION = 5.0;
				TARGETED_DEVICE_FAMILY = "1,2";
				TEST_HOST = "$(BUILT_PRODUCTS_DIR)/TestDemo.app/$(BUNDLE_EXECUTABLE_FOLDER_PATH)/TestDemo";
			};
			name = Release;
		};
		A0B85F9929E7928C00B309FC /* Debug */ = {
			isa = XCBuildConfiguration;
			buildSettings = {
				ALWAYS_EMBED_SWIFT_STANDARD_LIBRARIES = YES;
				CODE_SIGN_STYLE = Automatic;
				CURRENT_PROJECT_VERSION = 1;
				GENERATE_INFOPLIST_FILE = YES;
				MARKETING_VERSION = 1.0;
				PRODUCT_BUNDLE_IDENTIFIER = com.test.TestDemoUITests;
				PRODUCT_NAME = "$(TARGET_NAME)";
				SWIFT_EMIT_LOC_STRINGS = NO;
				SWIFT_VERSION = 5.0;
				TARGETED_DEVICE_FAMILY = "1,2";
				TEST_TARGET_NAME = TestDemo;
			};
			name = Debug;
		};
		A0B85F9A29E7928C00B309FC /* Release */ = {
			isa = XCBuildConfiguration;
			buildSettings = {
				ALWAYS_EMBED_SWIFT_STANDARD_LIBRARIES = YES;
				CODE_SIGN_STYLE = Automatic;
				CURRENT_PROJECT_VERSION = 1;
				GENERATE_INFOPLIST_FILE = YES;
				MARKETING_VERSION = 1.0;
				PRODUCT_BUNDLE_IDENTIFIER = com.test.TestDemoUITests;
				PRODUCT_NAME = "$(TARGET_NAME)";
				SWIFT_EMIT_LOC_STRINGS = NO;
				SWIFT_VERSION = 5.0;
				TARGETED_DEVICE_FAMILY = "1,2";
				TEST_TARGET_NAME = TestDemo;
			};
			name = Release;
		};
/* End XCBuildConfiguration section */

/* Begin XCConfigurationList section */
		A0B85F6329E7928900B309FC /* Build configuration list for PBXProject "TestDemo" */ = {
			isa = XCConfigurationList;
			buildConfigurations = (
				A0B85F9029E7928C00B309FC /* Debug */,
				A0B85F9129E7928C00B309FC /* Release */,
			);
			defaultConfigurationIsVisible = 0;
			defaultConfigurationName = Release;
		};
		A0B85F9229E7928C00B309FC /* Build configuration list for PBXNativeTarget "TestDemo" */ = {
			isa = XCConfigurationList;
			buildConfigurations = (
				A0B85F9329E7928C00B309FC /* Debug */,
				A0B85F9429E7928C00B309FC /* Release */,
			);
			defaultConfigurationIsVisible = 0;
			defaultConfigurationName = Release;
		};
		A0B85F9529E7928C00B309FC /* Build configuration list for PBXNativeTarget "TestDemoTests" */ = {
			isa = XCConfigurationList;
			buildConfigurations = (
				A0B85F9629E7928C00B309FC /* Debug */,
				A0B85F9729E7928C00B309FC /* Release */,
			);
			defaultConfigurationIsVisible = 0;
			defaultConfigurationName = Release;
		};
		A0B85F9829E7928C00B309FC /* Build configuration list for PBXNativeTarget "TestDemoUITests" */ = {
			isa = XCConfigurationList;
			buildConfigurations = (
				A0B85F9929E7928C00B309FC /* Debug */,
				A0B85F9A29E7928C00B309FC /* Release */,
			);
			defaultConfigurationIsVisible = 0;
			defaultConfigurationName = Release;
		};
/* End XCConfigurationList section */
	};
	rootObject = A0B85F6029E7928900B309FC /* Project object */;
}
